
Microsoft Visual Studio Solution File, Format Version 12.00
# Visual Studio Version 17
VisualStudioVersion = 17.7.34018.315
MinimumVisualStudioVersion = 10.0.40219.1
Project("{FAE04EC0-301F-11D3-BF4B-00C04F79EFBC}") = "SSStuartCallouts", "SSStuartCallouts.csproj", "{86D21147-8370-4795-B3AF-FB96DD541AB3}"
EndProject
Global
	GlobalSection(SolutionConfigurationPlatforms) = preSolution
		Debug|Any CPU = Debug|Any CPU
		Release|Any CPU = Release|Any CPU
	EndGlobalSection
	GlobalSection(ProjectConfigurationPlatforms) = postSolution
		{86D21147-8370-4795-B3AF-FB96DD541AB3}.Debug|Any CPU.ActiveCfg = Debug|Any CPU
		{86D21147-8370-4795-B3AF-FB96DD541AB3}.Debug|Any CPU.Build.0 = Debug|Any CPU
		{86D21147-8370-4795-B3AF-FB96DD541AB3}.Release|Any CPU.ActiveCfg = Release|Any CPU
		{86D21147-8370-4795-B3AF-FB96DD541AB3}.Release|Any CPU.Build.0 = Release|Any CPU
	EndGlobalSection
	GlobalSection(SolutionProperties) = preSolution
		HideSolutionNode = FALSE
	EndGlobalSection
	GlobalSection(ExtensibilityGlobals) = postSolution
		SolutionGuid = {3DB40CD0-18B3-4E27-97CE-0E09BB70B1AC}
	EndGlobalSection
EndGlobal
